// !$*UTF8*$!
{
	archiveVersion = 1;
	classes = {
	};
	objectVersion = 46;
	objects = {

/* Begin PBXBuildFile section */
		7CF4A5A01D1A641200584C34 /* AppDelegate.swift in Sources */ = {isa = PBXBuildFile; fileRef = 7CF4A59F1D1A641200584C34 /* AppDelegate.swift */; };
		7CF4A5A21D1A641200584C34 /* ViewController.swift in Sources */ = {isa = PBXBuildFile; fileRef = 7CF4A5A11D1A641200584C34 /* ViewController.swift */; };
		7CF4A5A51D1A641200584C34 /* Main.storyboard in Resources */ = {isa = PBXBuildFile; fileRef = 7CF4A5A31D1A641200584C34 /* Main.storyboard */; };
		7CF4A5A71D1A641200584C34 /* Assets.xcassets in Resources */ = {isa = PBXBuildFile; fileRef = 7CF4A5A61D1A641200584C34 /* Assets.xcassets */; };
		7CF4A5AA1D1A641200584C34 /* LaunchScreen.storyboard in Resources */ = {isa = PBXBuildFile; fileRef = 7CF4A5A81D1A641200584C34 /* LaunchScreen.storyboard */; };
		7CF4A5B51D1A641200584C34 /* IshiharaTests.swift in Sources */ = {isa = PBXBuildFile; fileRef = 7CF4A5B41D1A641200584C34 /* IshiharaTests.swift */; };
		7CF4A5C01D1A641200584C34 /* IshiharaUITests.swift in Sources */ = {isa = PBXBuildFile; fileRef = 7CF4A5BF1D1A641200584C34 /* IshiharaUITests.swift */; };
		7CF4A5CF1D1A674D00584C34 /* wall11.png in Resources */ = {isa = PBXBuildFile; fileRef = 7CF4A5CD1D1A674D00584C34 /* wall11.png */; };
		7CF4A5D01D1A674D00584C34 /* wall23.png in Resources */ = {isa = PBXBuildFile; fileRef = 7CF4A5CE1D1A674D00584C34 /* wall23.png */; };
		7CF4A5DB1D1A69BE00584C34 /* ishihara_01.png in Resources */ = {isa = PBXBuildFile; fileRef = 7CF4A5D11D1A69BE00584C34 /* ishihara_01.png */; };
		7CF4A5DC1D1A69BE00584C34 /* ishihara_02.png in Resources */ = {isa = PBXBuildFile; fileRef = 7CF4A5D21D1A69BE00584C34 /* ishihara_02.png */; };
		7CF4A5DD1D1A69BE00584C34 /* ishihara_03.png in Resources */ = {isa = PBXBuildFile; fileRef = 7CF4A5D31D1A69BE00584C34 /* ishihara_03.png */; };
		7CF4A5DE1D1A69BE00584C34 /* ishihara_04.png in Resources */ = {isa = PBXBuildFile; fileRef = 7CF4A5D41D1A69BE00584C34 /* ishihara_04.png */; };
		7CF4A5DF1D1A69BE00584C34 /* ishihara_05.png in Resources */ = {isa = PBXBuildFile; fileRef = 7CF4A5D51D1A69BE00584C34 /* ishihara_05.png */; };
		7CF4A5E01D1A69BE00584C34 /* ishihara_06.png in Resources */ = {isa = PBXBuildFile; fileRef = 7CF4A5D61D1A69BE00584C34 /* ishihara_06.png */; };
		7CF4A5E11D1A69BE00584C34 /* ishihara_07.png in Resources */ = {isa = PBXBuildFile; fileRef = 7CF4A5D71D1A69BE00584C34 /* ishihara_07.png */; };
		7CF4A5E21D1A69BE00584C34 /* ishihara_08.png in Resources */ = {isa = PBXBuildFile; fileRef = 7CF4A5D81D1A69BE00584C34 /* ishihara_08.png */; };
		7CF4A5E31D1A69BE00584C34 /* ishihara_09.png in Resources */ = {isa = PBXBuildFile; fileRef = 7CF4A5D91D1A69BE00584C34 /* ishihara_09.png */; };
		7CF4A5E41D1A69BE00584C34 /* ishihara_10.png in Resources */ = {isa = PBXBuildFile; fileRef = 7CF4A5DA1D1A69BE00584C34 /* ishihara_10.png */; };
/* End PBXBuildFile section */

/* Begin PBXContainerItemProxy section */
		7CF4A5B11D1A641200584C34 /* PBXContainerItemProxy */ = {
			isa = PBXContainerItemProxy;
			containerPortal = 7CF4A5941D1A641200584C34 /* Project object */;
			proxyType = 1;
			remoteGlobalIDString = 7CF4A59B1D1A641200584C34;
			remoteInfo = Ishihara;
		};
		7CF4A5BC1D1A641200584C34 /* PBXContainerItemProxy */ = {
			isa = PBXContainerItemProxy;
			containerPortal = 7CF4A5941D1A641200584C34 /* Project object */;
			proxyType = 1;
			remoteGlobalIDString = 7CF4A59B1D1A641200584C34;
			remoteInfo = Ishihara;
		};
/* End PBXContainerItemProxy section */

/* Begin PBXFileReference section */
		7CF4A59C1D1A641200584C34 /* Ishihara.app */ = {isa = PBXFileReference; explicitFileType = wrapper.application; includeInIndex = 0; path = Ishihara.app; sourceTree = BUILT_PRODUCTS_DIR; };
		7CF4A59F1D1A641200584C34 /* AppDelegate.swift */ = {isa = PBXFileReference; lastKnownFileType = sourcecode.swift; path = AppDelegate.swift; sourceTree = "<group>"; };
		7CF4A5A11D1A641200584C34 /* ViewController.swift */ = {isa = PBXFileReference; lastKnownFileType = sourcecode.swift; path = ViewController.swift; sourceTree = "<group>"; };
		7CF4A5A41D1A641200584C34 /* Base */ = {isa = PBXFileReference; lastKnownFileType = file.storyboard; name = Base; path = Base.lproj/Main.storyboard; sourceTree = "<group>"; };
		7CF4A5A61D1A641200584C34 /* Assets.xcassets */ = {isa = PBXFileReference; lastKnownFileType = folder.assetcatalog; path = Assets.xcassets; sourceTree = "<group>"; };
		7CF4A5A91D1A641200584C34 /* Base */ = {isa = PBXFileReference; lastKnownFileType = file.storyboard; name = Base; path = Base.lproj/LaunchScreen.storyboard; sourceTree = "<group>"; };
		7CF4A5AB1D1A641200584C34 /* Info.plist */ = {isa = PBXFileReference; lastKnownFileType = text.plist.xml; path = Info.plist; sourceTree = "<group>"; };
		7CF4A5B01D1A641200584C34 /* IshiharaTests.xctest */ = {isa = PBXFileReference; explicitFileType = wrapper.cfbundle; includeInIndex = 0; path = IshiharaTests.xctest; sourceTree = BUILT_PRODUCTS_DIR; };
		7CF4A5B41D1A641200584C34 /* IshiharaTests.swift */ = {isa = PBXFileReference; lastKnownFileType = sourcecode.swift; path = IshiharaTests.swift; sourceTree = "<group>"; };
		7CF4A5B61D1A641200584C34 /* Info.plist */ = {isa = PBXFileReference; lastKnownFileType = text.plist.xml; path = Info.plist; sourceTree = "<group>"; };
		7CF4A5BB1D1A641200584C34 /* IshiharaUITests.xctest */ = {isa = PBXFileReference; explicitFileType = wrapper.cfbundle; includeInIndex = 0; path = IshiharaUITests.xctest; sourceTree = BUILT_PRODUCTS_DIR; };
		7CF4A5BF1D1A641200584C34 /* IshiharaUITests.swift */ = {isa = PBXFileReference; lastKnownFileType = sourcecode.swift; path = IshiharaUITests.swift; sourceTree = "<group>"; };
		7CF4A5C11D1A641200584C34 /* Info.plist */ = {isa = PBXFileReference; lastKnownFileType = text.plist.xml; path = Info.plist; sourceTree = "<group>"; };
		7CF4A5CD1D1A674D00584C34 /* wall11.png */ = {isa = PBXFileReference; lastKnownFileType = image.png; name = wall11.png; path = ../../../Resource/Background/wall11.png; sourceTree = "<group>"; };
		7CF4A5CE1D1A674D00584C34 /* wall23.png */ = {isa = PBXFileReference; lastKnownFileType = image.png; name = wall23.png; path = ../../../Resource/Background/wall23.png; sourceTree = "<group>"; };
		7CF4A5D11D1A69BE00584C34 /* ishihara_01.png */ = {isa = PBXFileReference; lastKnownFileType = image.png; name = ishihara_01.png; path = ../../../Resource/ishihara/ishihara_01.png; sourceTree = "<group>"; };
		7CF4A5D21D1A69BE00584C34 /* ishihara_02.png */ = {isa = PBXFileReference; lastKnownFileType = image.png; name = ishihara_02.png; path = ../../../Resource/ishihara/ishihara_02.png; sourceTree = "<group>"; };
		7CF4A5D31D1A69BE00584C34 /* ishihara_03.png */ = {isa = PBXFileReference; lastKnownFileType = image.png; name = ishihara_03.png; path = ../../../Resource/ishihara/ishihara_03.png; sourceTree = "<group>"; };
		7CF4A5D41D1A69BE00584C34 /* ishihara_04.png */ = {isa = PBXFileReference; lastKnownFileType = image.png; name = ishihara_04.png; path = ../../../Resource/ishihara/ishihara_04.png; sourceTree = "<group>"; };
		7CF4A5D51D1A69BE00584C34 /* ishihara_05.png */ = {isa = PBXFileReference; lastKnownFileType = image.png; name = ishihara_05.png; path = ../../../Resource/ishihara/ishihara_05.png; sourceTree = "<group>"; };
		7CF4A5D61D1A69BE00584C34 /* ishihara_06.png */ = {isa = PBXFileReference; lastKnownFileType = image.png; name = ishihara_06.png; path = ../../../Resource/ishihara/ishihara_06.png; sourceTree = "<group>"; };
		7CF4A5D71D1A69BE00584C34 /* ishihara_07.png */ = {isa = PBXFileReference; lastKnownFileType = image.png; name = ishihara_07.png; path = ../../../Resource/ishihara/ishihara_07.png; sourceTree = "<group>"; };
		7CF4A5D81D1A69BE00584C34 /* ishihara_08.png */ = {isa = PBXFileReference; lastKnownFileType = image.png; name = ishihara_08.png; path = ../../../Resource/ishihara/ishihara_08.png; sourceTree = "<group>"; };
		7CF4A5D91D1A69BE00584C34 /* ishihara_09.png */ = {isa = PBXFileReference; lastKnownFileType = image.png; name = ishihara_09.png; path = ../../../Resource/ishihara/ishihara_09.png; sourceTree = "<group>"; };
		7CF4A5DA1D1A69BE00584C34 /* ishihara_10.png */ = {isa = PBXFileReference; lastKnownFileType = image.png; name = ishihara_10.png; path = ../../../Resource/ishihara/ishihara_10.png; sourceTree = "<group>"; };
/* End PBXFileReference section */

/* Begin PBXFrameworksBuildPhase section */
		7CF4A5991D1A641200584C34 /* Frameworks */ = {
			isa = PBXFrameworksBuildPhase;
			buildActionMask = 2147483647;
			files = (
			);
			runOnlyForDeploymentPostprocessing = 0;
		};
		7CF4A5AD1D1A641200584C34 /* Frameworks */ = {
			isa = PBXFrameworksBuildPhase;
			buildActionMask = 2147483647;
			files = (
			);
			runOnlyForDeploymentPostprocessing = 0;
		};
		7CF4A5B81D1A641200584C34 /* Frameworks */ = {
			isa = PBXFrameworksBuildPhase;
			buildActionMask = 2147483647;
			files = (
			);
			runOnlyForDeploymentPostprocessing = 0;
		};
/* End PBXFrameworksBuildPhase section */

/* Begin PBXGroup section */
		7CF4A5931D1A641200584C34 = {
			isa = PBXGroup;
			children = (
				7CF4A59E1D1A641200584C34 /* Ishihara */,
				7CF4A5B31D1A641200584C34 /* IshiharaTests */,
				7CF4A5BE1D1A641200584C34 /* IshiharaUITests */,
				7CF4A59D1D1A641200584C34 /* Products */,
			);
			sourceTree = "<group>";
		};
		7CF4A59D1D1A641200584C34 /* Products */ = {
			isa = PBXGroup;
			children = (
				7CF4A59C1D1A641200584C34 /* Ishihara.app */,
				7CF4A5B01D1A641200584C34 /* IshiharaTests.xctest */,
				7CF4A5BB1D1A641200584C34 /* IshiharaUITests.xctest */,
			);
			name = Products;
			sourceTree = "<group>";
		};
		7CF4A59E1D1A641200584C34 /* Ishihara */ = {
			isa = PBXGroup;
			children = (
				7CF4A5D11D1A69BE00584C34 /* ishihara_01.png */,
				7CF4A5D21D1A69BE00584C34 /* ishihara_02.png */,
				7CF4A5D31D1A69BE00584C34 /* ishihara_03.png */,
				7CF4A5D41D1A69BE00584C34 /* ishihara_04.png */,
				7CF4A5D51D1A69BE00584C34 /* ishihara_05.png */,
				7CF4A5D61D1A69BE00584C34 /* ishihara_06.png */,
				7CF4A5D71D1A69BE00584C34 /* ishihara_07.png */,
				7CF4A5D81D1A69BE00584C34 /* ishihara_08.png */,
				7CF4A5D91D1A69BE00584C34 /* ishihara_09.png */,
				7CF4A5DA1D1A69BE00584C34 /* ishihara_10.png */,
				7CF4A5CD1D1A674D00584C34 /* wall11.png */,
				7CF4A5CE1D1A674D00584C34 /* wall23.png */,
				7CF4A59F1D1A641200584C34 /* AppDelegate.swift */,
				7CF4A5A11D1A641200584C34 /* ViewController.swift */,
				7CF4A5A31D1A641200584C34 /* Main.storyboard */,
				7CF4A5A61D1A641200584C34 /* Assets.xcassets */,
				7CF4A5A81D1A641200584C34 /* LaunchScreen.storyboard */,
				7CF4A5AB1D1A641200584C34 /* Info.plist */,
			);
			path = Ishihara;
			sourceTree = "<group>";
		};
		7CF4A5B31D1A641200584C34 /* IshiharaTests */ = {
			isa = PBXGroup;
			children = (
				7CF4A5B41D1A641200584C34 /* IshiharaTests.swift */,
				7CF4A5B61D1A641200584C34 /* Info.plist */,
			);
			path = IshiharaTests;
			sourceTree = "<group>";
		};
		7CF4A5BE1D1A641200584C34 /* IshiharaUITests */ = {
			isa = PBXGroup;
			children = (
				7CF4A5BF1D1A641200584C34 /* IshiharaUITests.swift */,
				7CF4A5C11D1A641200584C34 /* Info.plist */,
			);
			path = IshiharaUITests;
			sourceTree = "<group>";
		};
/* End PBXGroup section */

/* Begin PBXNativeTarget section */
		7CF4A59B1D1A641200584C34 /* Ishihara */ = {
			isa = PBXNativeTarget;
			buildConfigurationList = 7CF4A5C41D1A641200584C34 /* Build configuration list for PBXNativeTarget "Ishihara" */;
			buildPhases = (
				7CF4A5981D1A641200584C34 /* Sources */,
				7CF4A5991D1A641200584C34 /* Frameworks */,
				7CF4A59A1D1A641200584C34 /* Resources */,
			);
			buildRules = (
			);
			dependencies = (
			);
			name = Ishihara;
			productName = Ishihara;
			productReference = 7CF4A59C1D1A641200584C34 /* Ishihara.app */;
			productType = "com.apple.product-type.application";
		};
		7CF4A5AF1D1A641200584C34 /* IshiharaTests */ = {
			isa = PBXNativeTarget;
			buildConfigurationList = 7CF4A5C71D1A641200584C34 /* Build configuration list for PBXNativeTarget "IshiharaTests" */;
			buildPhases = (
				7CF4A5AC1D1A641200584C34 /* Sources */,
				7CF4A5AD1D1A641200584C34 /* Frameworks */,
				7CF4A5AE1D1A641200584C34 /* Resources */,
			);
			buildRules = (
			);
			dependencies = (
				7CF4A5B21D1A641200584C34 /* PBXTargetDependency */,
			);
			name = IshiharaTests;
			productName = IshiharaTests;
			productReference = 7CF4A5B01D1A641200584C34 /* IshiharaTests.xctest */;
			productType = "com.apple.product-type.bundle.unit-test";
		};
		7CF4A5BA1D1A641200584C34 /* IshiharaUITests */ = {
			isa = PBXNativeTarget;
			buildConfigurationList = 7CF4A5CA1D1A641200584C34 /* Build configuration list for PBXNativeTarget "IshiharaUITests" */;
			buildPhases = (
				7CF4A5B71D1A641200584C34 /* Sources */,
				7CF4A5B81D1A641200584C34 /* Frameworks */,
				7CF4A5B91D1A641200584C34 /* Resources */,
			);
			buildRules = (
			);
			dependencies = (
				7CF4A5BD1D1A641200584C34 /* PBXTargetDependency */,
			);
			name = IshiharaUITests;
			productName = IshiharaUITests;
			productReference = 7CF4A5BB1D1A641200584C34 /* IshiharaUITests.xctest */;
			productType = "com.apple.product-type.bundle.ui-testing";
		};
/* End PBXNativeTarget section */

/* Begin PBXProject section */
		7CF4A5941D1A641200584C34 /* Project object */ = {
			isa = PBXProject;
			attributes = {
				LastSwiftUpdateCheck = 0730;
				LastUpgradeCheck = 0730;
				ORGANIZATIONNAME = sitapa;
				TargetAttributes = {
					7CF4A59B1D1A641200584C34 = {
						CreatedOnToolsVersion = 7.3.1;
					};
					7CF4A5AF1D1A641200584C34 = {
						CreatedOnToolsVersion = 7.3.1;
						TestTargetID = 7CF4A59B1D1A641200584C34;
					};
					7CF4A5BA1D1A641200584C34 = {
						CreatedOnToolsVersion = 7.3.1;
						TestTargetID = 7CF4A59B1D1A641200584C34;
					};
				};
			};
			buildConfigurationList = 7CF4A5971D1A641200584C34 /* Build configuration list for PBXProject "Ishihara" */;
			compatibilityVersion = "Xcode 3.2";
			developmentRegion = English;
			hasScannedForEncodings = 0;
			knownRegions = (
				en,
				Base,
			);
			mainGroup = 7CF4A5931D1A641200584C34;
			productRefGroup = 7CF4A59D1D1A641200584C34 /* Products */;
			projectDirPath = "";
			projectRoot = "";
			targets = (
				7CF4A59B1D1A641200584C34 /* Ishihara */,
				7CF4A5AF1D1A641200584C34 /* IshiharaTests */,
				7CF4A5BA1D1A641200584C34 /* IshiharaUITests */,
			);
		};
/* End PBXProject section */

/* Begin PBXResourcesBuildPhase section */
		7CF4A59A1D1A641200584C34 /* Resources */ = {
			isa = PBXResourcesBuildPhase;
			buildActionMask = 2147483647;
			files = (
				7CF4A5E41D1A69BE00584C34 /* ishihara_10.png in Resources */,
				7CF4A5AA1D1A641200584C34 /* LaunchScreen.storyboard in Resources */,
				7CF4A5A71D1A641200584C34 /* Assets.xcassets in Resources */,
				7CF4A5E01D1A69BE00584C34 /* ishihara_06.png in Resources */,
				7CF4A5A51D1A641200584C34 /* Main.storyboard in Resources */,
				7CF4A5E21D1A69BE00584C34 /* ishihara_08.png in Resources */,
				7CF4A5DB1D1A69BE00584C34 /* ishihara_01.png in Resources */,
				7CF4A5D01D1A674D00584C34 /* wall23.png in Resources */,
				7CF4A5DD1D1A69BE00584C34 /* ishihara_03.png in Resources */,
				7CF4A5DE1D1A69BE00584C34 /* ishihara_04.png in Resources */,
				7CF4A5DF1D1A69BE00584C34 /* ishihara_05.png in Resources */,
				7CF4A5E11D1A69BE00584C34 /* ishihara_07.png in Resources */,
				7CF4A5CF1D1A674D00584C34 /* wall11.png in Resources */,
				7CF4A5DC1D1A69BE00584C34 /* ishihara_02.png in Resources */,
				7CF4A5E31D1A69BE00584C34 /* ishihara_09.png in Resources */,
			);
			runOnlyForDeploymentPostprocessing = 0;
		};
		7CF4A5AE1D1A641200584C34 /* Resources */ = {
			isa = PBXResourcesBuildPhase;
			buildActionMask = 2147483647;
			files = (
			);
			runOnlyForDeploymentPostprocessing = 0;
		};
		7CF4A5B91D1A641200584C34 /* Resources */ = {
			isa = PBXResourcesBuildPhase;
			buildActionMask = 2147483647;
			files = (
			);
			runOnlyForDeploymentPostprocessing = 0;
		};
/* End PBXResourcesBuildPhase section */

/* Begin PBXSourcesBuildPhase section */
		7CF4A5981D1A641200584C34 /* Sources */ = {
			isa = PBXSourcesBuildPhase;
			buildActionMask = 2147483647;
			files = (
				7CF4A5A21D1A641200584C34 /* ViewController.swift in Sources */,
				7CF4A5A01D1A641200584C34 /* AppDelegate.swift in Sources */,
			);
			runOnlyForDeploymentPostprocessing = 0;
		};
		7CF4A5AC1D1A641200584C34 /* Sources */ = {
			isa = PBXSourcesBuildPhase;
			buildActionMask = 2147483647;
			files = (
				7CF4A5B51D1A641200584C34 /* IshiharaTests.swift in Sources */,
			);
			runOnlyForDeploymentPostprocessing = 0;
		};
		7CF4A5B71D1A641200584C34 /* Sources */ = {
			isa = PBXSourcesBuildPhase;
			buildActionMask = 2147483647;
			files = (
				7CF4A5C01D1A641200584C34 /* IshiharaUITests.swift in Sources */,
			);
			runOnlyForDeploymentPostprocessing = 0;
		};
/* End PBXSourcesBuildPhase section */

/* Begin PBXTargetDependency section */
		7CF4A5B21D1A641200584C34 /* PBXTargetDependency */ = {
			isa = PBXTargetDependency;
			target = 7CF4A59B1D1A641200584C34 /* Ishihara */;
			targetProxy = 7CF4A5B11D1A641200584C34 /* PBXContainerItemProxy */;
		};
		7CF4A5BD1D1A641200584C34 /* PBXTargetDependency */ = {
			isa = PBXTargetDependency;
			target = 7CF4A59B1D1A641200584C34 /* Ishihara */;
			targetProxy = 7CF4A5BC1D1A641200584C34 /* PBXContainerItemProxy */;
		};
/* End PBXTargetDependency section */

/* Begin PBXVariantGroup section */
		7CF4A5A31D1A641200584C34 /* Main.storyboard */ = {
			isa = PBXVariantGroup;
			children = (
				7CF4A5A41D1A641200584C34 /* Base */,
			);
			name = Main.storyboard;
			sourceTree = "<group>";
		};
		7CF4A5A81D1A641200584C34 /* LaunchScreen.storyboard */ = {
			isa = PBXVariantGroup;
			children = (
				7CF4A5A91D1A641200584C34 /* Base */,
			);
			name = LaunchScreen.storyboard;
			sourceTree = "<group>";
		};
/* End PBXVariantGroup section */

/* Begin XCBuildConfiguration section */
		7CF4A5C21D1A641200584C34 /* Debug */ = {
			isa = XCBuildConfiguration;
			buildSettings = {
				ALWAYS_SEARCH_USER_PATHS = NO;
				CLANG_ANALYZER_NONNULL = YES;
				CLANG_CXX_LANGUAGE_STANDARD = "gnu++0x";
				CLANG_CXX_LIBRARY = "libc++";
				CLANG_ENABLE_MODULES = YES;
				CLANG_ENABLE_OBJC_ARC = YES;
				CLANG_WARN_BOOL_CONVERSION = YES;
				CLANG_WARN_CONSTANT_CONVERSION = YES;
				CLANG_WARN_DIRECT_OBJC_ISA_USAGE = YES_ERROR;
				CLANG_WARN_EMPTY_BODY = YES;
				CLANG_WARN_ENUM_CONVERSION = YES;
				CLANG_WARN_INT_CONVERSION = YES;
				CLANG_WARN_OBJC_ROOT_CLASS = YES_ERROR;
				CLANG_WARN_UNREACHABLE_CODE = YES;
				CLANG_WARN__DUPLICATE_METHOD_MATCH = YES;
				"CODE_SIGN_IDENTITY[sdk=iphoneos*]" = "iPhone Developer";
				COPY_PHASE_STRIP = NO;
				DEBUG_INFORMATION_FORMAT = dwarf;
				ENABLE_STRICT_OBJC_MSGSEND = YES;
				ENABLE_TESTABILITY = YES;
				GCC_C_LANGUAGE_STANDARD = gnu99;
				GCC_DYNAMIC_NO_PIC = NO;
				GCC_NO_COMMON_BLOCKS = YES;
				GCC_OPTIMIZATION_LEVEL = 0;
				GCC_PREPROCESSOR_DEFINITIONS = (
					"DEBUG=1",
					"$(inherited)",
				);
				GCC_WARN_64_TO_32_BIT_CONVERSION = YES;
				GCC_WARN_ABOUT_RETURN_TYPE = YES_ERROR;
				GCC_WARN_UNDECLARED_SELECTOR = YES;
				GCC_WARN_UNINITIALIZED_AUTOS = YES_AGGRESSIVE;
				GCC_WARN_UNUSED_FUNCTION = YES;
				GCC_WARN_UNUSED_VARIABLE = YES;
				IPHONEOS_DEPLOYMENT_TARGET = 9.3;
				MTL_ENABLE_DEBUG_INFO = YES;
				ONLY_ACTIVE_ARCH = YES;
				SDKROOT = iphoneos;
				SWIFT_OPTIMIZATION_LEVEL = "-Onone";
			};
			name = Debug;
		};
		7CF4A5C31D1A641200584C34 /* Release */ = {
			isa = XCBuildConfiguration;
			buildSettings = {
				ALWAYS_SEARCH_USER_PATHS = NO;
				CLANG_ANALYZER_NONNULL = YES;
				CLANG_CXX_LANGUAGE_STANDARD = "gnu++0x";
				CLANG_CXX_LIBRARY = "libc++";
				CLANG_ENABLE_MODULES = YES;
				CLANG_ENABLE_OBJC_ARC = YES;
				CLANG_WARN_BOOL_CONVERSION = YES;
				CLANG_WARN_CONSTANT_CONVERSION = YES;
				CLANG_WARN_DIRECT_OBJC_ISA_USAGE = YES_ERROR;
				CLANG_WARN_EMPTY_BODY = YES;
				CLANG_WARN_ENUM_CONVERSION = YES;
				CLANG_WARN_INT_CONVERSION = YES;
				CLANG_WARN_OBJC_ROOT_CLASS = YES_ERROR;
				CLANG_WARN_UNREACHABLE_CODE = YES;
				CLANG_WARN__DUPLICATE_METHOD_MATCH = YES;
				"CODE_SIGN_IDENTITY[sdk=iphoneos*]" = "iPhone Developer";
				COPY_PHASE_STRIP = NO;
				DEBUG_INFORMATION_FORMAT = "dwarf-with-dsym";
				ENABLE_NS_ASSERTIONS = NO;
				ENABLE_STRICT_OBJC_MSGSEND = YES;
				GCC_C_LANGUAGE_STANDARD = gnu99;
				GCC_NO_COMMON_BLOCKS = YES;
				GCC_WARN_64_TO_32_BIT_CONVERSION = YES;
				GCC_WARN_ABOUT_RETURN_TYPE = YES_ERROR;
				GCC_WARN_UNDECLARED_SELECTOR = YES;
				GCC_WARN_UNINITIALIZED_AUTOS = YES_AGGRESSIVE;
				GCC_WARN_UNUSED_FUNCTION = YES;
				GCC_WARN_UNUSED_VARIABLE = YES;
				IPHONEOS_DEPLOYMENT_TARGET = 9.3;
				MTL_ENABLE_DEBUG_INFO = NO;
				SDKROOT = iphoneos;
				VALIDATE_PRODUCT = YES;
			};
			name = Release;
		};
		7CF4A5C51D1A641200584C34 /* Debug */ = {
			isa = XCBuildConfiguration;
			buildSettings = {
				ASSETCATALOG_COMPILER_APPICON_NAME = AppIcon;
				INFOPLIST_FILE = Ishihara/Info.plist;
				LD_RUNPATH_SEARCH_PATHS = "$(inherited) @executable_path/Frameworks";
				PRODUCT_BUNDLE_IDENTIFIER = sitapa.jitchottara.Ishihara;
				PRODUCT_NAME = "$(TARGET_NAME)";
			};
			name = Debug;
		};
		7CF4A5C61D1A641200584C34 /* Release */ = {
			isa = XCBuildConfiguration;
			buildSettings = {
				ASSETCATALOG_COMPILER_APPICON_NAME = AppIcon;
				INFOPLIST_FILE = Ishihara/Info.plist;
				LD_RUNPATH_SEARCH_PATHS = "$(inherited) @executable_path/Frameworks";
				PRODUCT_BUNDLE_IDENTIFIER = sitapa.jitchottara.Ishihara;
				PRODUCT_NAME = "$(TARGET_NAME)";
			};
			name = Release;
		};
		7CF4A5C81D1A641200584C34 /* Debug */ = {
			isa = XCBuildConfiguration;
			buildSettings = {
				BUNDLE_LOADER = "$(TEST_HOST)";
				INFOPLIST_FILE = IshiharaTests/Info.plist;
				LD_RUNPATH_SEARCH_PATHS = "$(inherited) @executable_path/Frameworks @loader_path/Frameworks";
				PRODUCT_BUNDLE_IDENTIFIER = sitapa.jitchottara.IshiharaTests;
				PRODUCT_NAME = "$(TARGET_NAME)";
				TEST_HOST = "$(BUILT_PRODUCTS_DIR)/Ishihara.app/Ishihara";
			};
			name = Debug;
		};
		7CF4A5C91D1A641200584C34 /* Release */ = {
			isa = XCBuildConfiguration;
			buildSettings = {
				BUNDLE_LOADER = "$(TEST_HOST)";
				INFOPLIST_FILE = IshiharaTests/Info.plist;
				LD_RUNPATH_SEARCH_PATHS = "$(inherited) @executable_path/Frameworks @loader_path/Frameworks";
				PRODUCT_BUNDLE_IDENTIFIER = sitapa.jitchottara.IshiharaTests;
				PRODUCT_NAME = "$(TARGET_NAME)";
				TEST_HOST = "$(BUILT_PRODUCTS_DIR)/Ishihara.app/Ishihara";
			};
			name = Release;
		};
		7CF4A5CB1D1A641200584C34 /* Debug */ = {
			isa = XCBuildConfiguration;
			buildSettings = {
				INFOPLIST_FILE = IshiharaUITests/Info.plist;
				LD_RUNPATH_SEARCH_PATHS = "$(inherited) @executable_path/Frameworks @loader_path/Frameworks";
				PRODUCT_BUNDLE_IDENTIFIER = sitapa.jitchottara.IshiharaUITests;
				PRODUCT_NAME = "$(TARGET_NAME)";
				TEST_TARGET_NAME = Ishihara;
			};
			name = Debug;
		};
		7CF4A5CC1D1A641200584C34 /* Release */ = {
			isa = XCBuildConfiguration;
			buildSettings = {
				INFOPLIST_FILE = IshiharaUITests/Info.plist;
				LD_RUNPATH_SEARCH_PATHS = "$(inherited) @executable_path/Frameworks @loader_path/Frameworks";
				PRODUCT_BUNDLE_IDENTIFIER = sitapa.jitchottara.IshiharaUITests;
				PRODUCT_NAME = "$(TARGET_NAME)";
				TEST_TARGET_NAME = Ishihara;
			};
			name = Release;
		};
/* End XCBuildConfiguration section */

/* Begin XCConfigurationList section */
		7CF4A5971D1A641200584C34 /* Build configuration list for PBXProject "Ishihara" */ = {
			isa = XCConfigurationList;
			buildConfigurations = (
				7CF4A5C21D1A641200584C34 /* Debug */,
				7CF4A5C31D1A641200584C34 /* Release */,
			);
			defaultConfigurationIsVisible = 0;
			defaultConfigurationName = Release;
		};
		7CF4A5C41D1A641200584C34 /* Build configuration list for PBXNativeTarget "Ishihara" */ = {
			isa = XCConfigurationList;
			buildConfigurations = (
				7CF4A5C51D1A641200584C34 /* Debug */,
				7CF4A5C61D1A641200584C34 /* Release */,
			);
			defaultConfigurationIsVisible = 0;
		};
		7CF4A5C71D1A641200584C34 /* Build configuration list for PBXNativeTarget "IshiharaTests" */ = {
			isa = XCConfigurationList;
			buildConfigurations = (
				7CF4A5C81D1A641200584C34 /* Debug */,
				7CF4A5C91D1A641200584C34 /* Release */,
			);
			defaultConfigurationIsVisible = 0;
		};
		7CF4A5CA1D1A641200584C34 /* Build configuration list for PBXNativeTarget "IshiharaUITests" */ = {
			isa = XCConfigurationList;
			buildConfigurations = (
				7CF4A5CB1D1A641200584C34 /* Debug */,
				7CF4A5CC1D1A641200584C34 /* Release */,
			);
			defaultConfigurationIsVisible = 0;
		};
/* End XCConfigurationList section */
	};
	rootObject = 7CF4A5941D1A641200584C34 /* Project object */;
}
